<?xml version="1.0" encoding="utf-8"?>
<Project ToolsVersion="4.0" xmlns="http://schemas.microsoft.com/developer/msbuild/2003">
  <ItemGroup>
    <Filter Include="win32">
      <UniqueIdentifier>{84a8ebd7-7cf0-47f6-b75e-d441df67da40}</UniqueIdentifier>
    </Filter>
    <Filter Include="resource">
      <UniqueIdentifier>{715254bc-d70b-4ec5-bf29-467dd3ace079}</UniqueIdentifier>
    </Filter>
    <Filter Include="src">
      <UniqueIdentifier>{bb6c862e-70e9-49d9-81b7-3829a6f50471}</UniqueIdentifier>
    </Filter>
    <Filter Include="src\View">
      <UniqueIdentifier>{4a76b62d-ee37-452b-b193-ec61e4160e93}</UniqueIdentifier>
    </Filter>
    <Filter Include="src\Model">
      <UniqueIdentifier>{af51a6b4-3c5b-4b2f-91fc-fb6fdaea2585}</UniqueIdentifier>
    </Filter>
    <Filter Include="src\Controller">
      <UniqueIdentifier>{f09d2b73-f3fe-45ad-8189-652a7562352e}</UniqueIdentifier>
    </Filter>
    <Filter Include="src\View\Scene">
      <UniqueIdentifier>{b42ac0e9-d65e-4272-a835-93a800e9d95f}</UniqueIdentifier>
    </Filter>
    <Filter Include="src\View\Layer">
      <UniqueIdentifier>{a06d470e-42a3-4461-b789-bff58896dbad}</UniqueIdentifier>
    </Filter>
    <Filter Include="src\Model\Unit">
      <UniqueIdentifier>{269e4ebb-d8bb-4b6f-93b4-0dfcf0e0a8f0}</UniqueIdentifier>
    </Filter>
    <Filter Include="src\Model\Data">
      <UniqueIdentifier>{c71cf16d-558c-4b09-95c1-688e9d764f5d}</UniqueIdentifier>
    </Filter>
    <Filter Include="src\Model\Item">
      <UniqueIdentifier>{72150b89-56b7-4478-b0f1-86c4e9a6303c}</UniqueIdentifier>
    </Filter>
    <Filter Include="src\Model\Object">
      <UniqueIdentifier>{c744b3f4-69be-4440-8d4a-fcec1c962ce3}</UniqueIdentifier>
    </Filter>
    <Filter Include="src\Vess">
      <UniqueIdentifier>{672a340d-6ce6-427c-9f2a-c984e8048cea}</UniqueIdentifier>
    </Filter>
  </ItemGroup>
  <ItemGroup>
    <ClCompile Include="main.cpp">
      <Filter>win32</Filter>
    </ClCompile>
    <ClCompile Include="..\Classes\MonsterSpawnScheduler.cpp">
      <Filter>src\Controller</Filter>
    </ClCompile>
    <ClCompile Include="..\Classes\MonsterSpawnScheduler.cpp">
      <Filter>src\Controller</Filter>
    </ClCompile>
    <ClCompile Include="..\Classes\GameScene.cpp">
      <Filter>src\View\Scene</Filter>
    </ClCompile>
    <ClCompile Include="..\Classes\StartScene.cpp">
      <Filter>src\View\Scene</Filter>
    </ClCompile>
    <ClCompile Include="..\Classes\AppDelegate.cpp">
      <Filter>src\Vess</Filter>
    </ClCompile>
    <ClCompile Include="..\Classes\AnimationScene.cpp">
      <Filter>src\View\Scene</Filter>
    </ClCompile>
    <ClCompile Include="..\Classes\Settings.cpp">
      <Filter>src\Vess</Filter>
    </ClCompile>
    <ClCompile Include="..\Classes\AnimationScene.cpp">
      <Filter>src\View\Scene</Filter>
    </ClCompile>
    <ClCompile Include="..\Classes\BackgroundSpawnScheduler.cpp">
      <Filter>src\Controller</Filter>
    </ClCompile>
    <ClCompile Include="..\Classes\AnimationScene.cpp">
      <Filter>src\View\Scene</Filter>
    </ClCompile>
    <ClCompile Include="..\Classes\GameData.cpp">
      <Filter>src\Model\Data</Filter>
    </ClCompile>
    <ClCompile Include="..\Classes\Stage.cpp">
      <Filter>src\Model\Data</Filter>
    </ClCompile>
    <ClCompile Include="..\Classes\Item.cpp">
      <Filter>src\Model\Item</Filter>
    </ClCompile>
    <ClCompile Include="..\Classes\BackgroundObject.cpp">
      <Filter>src\Model\Object</Filter>
    </ClCompile>
    <ClCompile Include="..\Classes\BattleOperator.cpp">
      <Filter>src\Model\Object</Filter>
    </ClCompile>
    <ClCompile Include="..\Classes\Dialog.cpp">
      <Filter>src\Model\Data</Filter>
    </ClCompile>
    <ClCompile Include="..\Classes\BattleOperator.cpp">
      <Filter>src\Model\Data</Filter>
    </ClCompile>
    <ClCompile Include="..\Classes\GameData.cpp">
      <Filter>src\Model\Data</Filter>
    </ClCompile>
    <ClCompile Include="..\Classes\Stage.cpp">
      <Filter>src\Model\Data</Filter>
    </ClCompile>
    <ClCompile Include="..\Classes\Item.cpp">
      <Filter>src\Model\Item</Filter>
    </ClCompile>
    <ClCompile Include="..\Classes\AnimationScene.cpp">
      <Filter>src\View\Scene</Filter>
    </ClCompile>
    <ClCompile Include="..\Classes\AnimationScene.cpp">
      <Filter>src\View\Scene</Filter>
    </ClCompile>
    <ClCompile Include="..\Classes\DialogScene.cpp">
      <Filter>src\View\Scene</Filter>
    </ClCompile>
    <ClCompile Include="..\Classes\EnterScene.cpp">
      <Filter>src\View\Scene</Filter>
    </ClCompile>
    <ClCompile Include="..\Classes\GameScene.cpp">
      <Filter>src\View\Scene</Filter>
    </ClCompile>
    <ClCompile Include="..\Classes\StartScene.cpp">
      <Filter>src\View\Scene</Filter>
    </ClCompile>
    <ClCompile Include="..\Classes\FightLayer.cpp">
      <Filter>src\View\Layer</Filter>
    </ClCompile>
    <ClCompile Include="..\Classes\Settings.cpp">
      <Filter>src\Vess</Filter>
    </ClCompile>
    <ClCompile Include="..\Classes\AnimationScene.cpp">
      <Filter>src\View\Scene</Filter>
    </ClCompile>
    <ClCompile Include="..\Classes\Hero.cpp">
      <Filter>src\Model\Unit</Filter>
    </ClCompile>
    <ClCompile Include="..\Classes\HeroMovementState.cpp">
      <Filter>src\Model\Unit</Filter>
    </ClCompile>
    <ClCompile Include="..\Classes\Monster.cpp">
      <Filter>src\Model\Unit</Filter>
    </ClCompile>
    <ClCompile Include="..\Classes\Unit.cpp">
      <Filter>src\Model\Unit</Filter>
    </ClCompile>
    <ClCompile Include="..\Classes\StageClearLayer.cpp">
      <Filter>src\View\Layer</Filter>
    </ClCompile>
    <ClCompile Include="..\Classes\Hero.cpp">
      <Filter>src\Model\Unit</Filter>
    </ClCompile>
    <ClCompile Include="..\Classes\UpgradeLayer.cpp">
      <Filter>src\View\Layer</Filter>
    </ClCompile>
    <ClCompile Include="..\Classes\UpgradeController.cpp">
      <Filter>src\Controller</Filter>
    </ClCompile>
    <ClCompile Include="..\Classes\DimensionGateController.cpp">
      <Filter>src\Controller</Filter>
    </ClCompile>
    <ClCompile Include="..\Classes\UpgradeCompleteLayer.cpp">
      <Filter>src\View\Layer</Filter>
    </ClCompile>
    <ClCompile Include="..\Classes\Sword.cpp">
      <Filter>src\Model\Item</Filter>
    </ClCompile>
    <ClCompile Include="..\Classes\Shield.cpp">
      <Filter>src\Model\Item</Filter>
    </ClCompile>
    <ClCompile Include="..\Classes\DurabilityController.cpp">
      <Filter>src\Controller</Filter>
    </ClCompile>
    <ClCompile Include="..\Classes\ResourcePath.cpp">
      <Filter>src\Vess</Filter>
    </ClCompile>
    <ClCompile Include="..\Classes\MiniPopupLayer.cpp">
      <Filter>src\View\Layer</Filter>
    </ClCompile>
    <ClCompile Include="..\Classes\TutorialLayer.cpp">
      <Filter>src\View\Layer</Filter>
    </ClCompile>
    <ClCompile Include="..\Classes\Tutorial.cpp">
      <Filter>src\Model\Data</Filter>
    </ClCompile>
    <ClCompile Include="..\Classes\MonsterAnimation.cpp">
      <Filter>src\Model\Unit</Filter>
    </ClCompile>
    <ClCompile Include="..\Classes\MonsterInfo.cpp">
      <Filter>src\Model\Unit</Filter>
    </ClCompile>
    <ClCompile Include="..\Classes\MonsterBehaviorPattern.cpp">
      <Filter>src\Model\Unit</Filter>
    </ClCompile>
    <ClCompile Include="..\Classes\GaugeLockChecker.cpp">
      <Filter>src\Controller</Filter>
    </ClCompile>
    <ClCompile Include="..\Classes\StageLevelController.cpp">
      <Filter>src\Controller</Filter>
    </ClCompile>
  </ItemGroup>
  <ItemGroup>
    <ClInclude Include="..\Classes\AppDelegate.h">
      <Filter>src\Vess</Filter>
    </ClInclude>
    <ClInclude Include="main.h">
      <Filter>win32</Filter>
    </ClInclude>
    <ClInclude Include="..\Classes\MonsterSpawnScheduler.h">
      <Filter>src\Controller</Filter>
    </ClInclude>
    <ClInclude Include="..\Classes\WindowSize.h">
      <Filter>src\Vess</Filter>
    </ClInclude>
    <ClInclude Include="..\Classes\GameScene.h">
      <Filter>src\View\Scene</Filter>
    </ClInclude>
    <ClInclude Include="..\Classes\StartScene.h">
      <Filter>src\View\Scene</Filter>
    </ClInclude>
    <ClInclude Include="..\Classes\AppDelegate.h">
      <Filter>src\Vess</Filter>
    </ClInclude>
    <ClInclude Include="..\Classes\WindowSize.h">
      <Filter>src\Vess</Filter>
    </ClInclude>
    <ClInclude Include="..\Classes\AnimationScene.h">
      <Filter>src\View\Scene</Filter>
    </ClInclude>
    <ClInclude Include="..\Classes\FightLayer.h">
      <Filter>src\View\Layer</Filter>
    </ClInclude>
    <ClInclude Include="..\Classes\Settings.h">
      <Filter>src\Vess</Filter>
    </ClInclude>
    <ClInclude Include="..\Classes\BackgroundSpawnScheduler.h">
      <Filter>src\Controller</Filter>
    </ClInclude>
    <ClInclude Include="..\Classes\Stage.h">
      <Filter>src\Model\Data</Filter>
    </ClInclude>
    <ClInclude Include="..\Classes\Item.h">
      <Filter>src\Model\Item</Filter>
    </ClInclude>
    <ClInclude Include="..\Classes\BackgroundObject.h">
      <Filter>src\Model\Object</Filter>
    </ClInclude>
    <ClInclude Include="..\Classes\BattleOperator.h">
      <Filter>src\Model\Object</Filter>
    </ClInclude>
    <ClInclude Include="..\Classes\Dialog.h">
      <Filter>src\Model\Data</Filter>
    </ClInclude>
    <ClInclude Include="..\Classes\FightLayer.h" />
    <ClInclude Include="..\Classes\GameScene.h" />
    <ClInclude Include="..\Classes\AnimationScene.h">
      <Filter>src\View\Scene</Filter>
    </ClInclude>
    <ClInclude Include="..\Classes\DialogScene.h">
      <Filter>src\View\Scene</Filter>
    </ClInclude>
    <ClInclude Include="..\Classes\EnterScene.h">
      <Filter>src\View\Scene</Filter>
    </ClInclude>
    <ClInclude Include="..\Classes\GameScene.h">
      <Filter>src\View\Scene</Filter>
    </ClInclude>
    <ClInclude Include="..\Classes\StartScene.h">
      <Filter>src\View\Scene</Filter>
    </ClInclude>
    <ClInclude Include="..\Classes\FightLayer.h">
      <Filter>src\View\Layer</Filter>
    </ClInclude>
    <ClInclude Include="..\Classes\GameData.h">
      <Filter>src\Model\Data</Filter>
    </ClInclude>
    <ClInclude Include="..\Classes\Settings.h">
      <Filter>src\Vess</Filter>
    </ClInclude>
    <ClInclude Include="..\Classes\Hero.h">
      <Filter>src\Model\Unit</Filter>
    </ClInclude>
    <ClInclude Include="..\Classes\Unit.h">
      <Filter>src\Model\Unit</Filter>
    </ClInclude>
    <ClInclude Include="..\Classes\Settings.h">
      <Filter>src\Vess</Filter>
    </ClInclude>
    <ClInclude Include="..\Classes\StageClearLayer.h">
      <Filter>src\View\Layer</Filter>
    </ClInclude>
    <ClInclude Include="..\Classes\GameData.h">
      <Filter>src\Model\Data</Filter>
    </ClInclude>
    <ClInclude Include="..\Classes\UpgradeLayer.h">
      <Filter>src\View\Layer</Filter>
    </ClInclude>
    <ClInclude Include="..\Classes\HeroMovementState.h">
      <Filter>src\Model\Unit</Filter>
    </ClInclude>
    <ClInclude Include="..\Classes\GaugeLockChecker.h">
      <Filter>src\Controller</Filter>
    </ClInclude>
    <ClInclude Include="..\Classes\Monster.h">
      <Filter>src\Model\Unit</Filter>
    </ClInclude>
    <ClInclude Include="..\Classes\UpgradeController.h">
      <Filter>src\Controller</Filter>
    </ClInclude>
    <ClInclude Include="..\Classes\DimensionGateController.h">
      <Filter>src\Controller</Filter>
    </ClInclude>
    <ClInclude Include="..\Classes\UpgradeCompleteLayer.h">
      <Filter>src\View\Layer</Filter>
    </ClInclude>
    <ClInclude Include="..\Classes\Sword.h">
      <Filter>src\Model\Item</Filter>
    </ClInclude>
    <ClInclude Include="..\Classes\Shield.h">
      <Filter>src\Model\Item</Filter>
    </ClInclude>
    <ClInclude Include="..\Classes\DurabilityController.h">
      <Filter>src\Controller</Filter>
    </ClInclude>
    <ClInclude Include="..\Classes\ResourcePath.h">
      <Filter>src\Vess</Filter>
    </ClInclude>
    <ClInclude Include="..\Classes\MiniPopupLayer.h">
      <Filter>src\View\Layer</Filter>
    </ClInclude>
    <ClInclude Include="..\Classes\TutorialLayer.h">
      <Filter>src\View\Layer</Filter>
    </ClInclude>
    <ClInclude Include="..\Classes\Tutorial.h">
      <Filter>src\Model\Data</Filter>
    </ClInclude>
    <ClInclude Include="..\Classes\MonsterAnimation.h">
      <Filter>src\Model\Unit</Filter>
    </ClInclude>
    <ClInclude Include="..\Classes\MonsterInfo.h">
      <Filter>src\Model\Unit</Filter>
    </ClInclude>
    <ClInclude Include="..\Classes\MonsterBehaviorPattern.h">
      <Filter>src\Model\Unit</Filter>
    </ClInclude>
    <ClInclude Include="..\Classes\StageLevelController.h">
      <Filter>src\Controller</Filter>
    </ClInclude>
  </ItemGroup>
  <ItemGroup>
    <ResourceCompile Include="game.rc">
      <Filter>resource</Filter>
    </ResourceCompile>
  </ItemGroup>
</Project>